
Microsoft Visual Studio Solution File, Format Version 12.00
# Visual Studio Version 16
VisualStudioVersion = 16.0.28803.352
MinimumVisualStudioVersion = 10.0.40219.1
Project("{2150E333-8FDC-42A3-9474-1A3956D46DE8}") = "ReflectionAndAttribute", "ReflectionAndAttribute", "{19EEBBA5-1BB1-434F-8B05-D20A5CB9D083}"
EndProject
Project("{2150E333-8FDC-42A3-9474-1A3956D46DE8}") = "ProblemsDescription", "ProblemsDescription", "{7BDAE318-CACA-4E58-AD8C-8B9EC1B3177F}"
	ProjectSection(SolutionItems) = preProject
		..\..\..\Install\07. CSharp-OOP-Reflection-And-Attributes-Exercises.docx = ..\..\..\Install\07. CSharp-OOP-Reflection-And-Attributes-Exercises.docx
	EndProjectSection
EndProject
Project("{2150E333-8FDC-42A3-9474-1A3956D46DE8}") = "P01_HarvestingFields_", "P01_HarvestingFields_", "{B11AC6B1-FD2A-41FE-9890-2807A4E0390F}"
EndProject
Project("{2150E333-8FDC-42A3-9474-1A3956D46DE8}") = "P02_BlackBoxInteger_", "P02_BlackBoxInteger_", "{544FC57B-1D1C-449A-9CDE-FA3F77A8B7CC}"
EndProject
Project("{9A19103F-16F7-4668-BE54-9A1E7A4F7556}") = "P01_HarvestingFields", "ReflectionAndAttribute\P01_HarvestingFields\P01_HarvestingFields.csproj", "{285C34DC-BCBC-47B8-B1FA-67D3D06E4337}"
EndProject
Project("{9A19103F-16F7-4668-BE54-9A1E7A4F7556}") = "P02_BlackBoxInteger", "ReflectionAndAttribute\P02_BlackBoxInteger\P02_BlackBoxInteger.csproj", "{698DA0DA-D19C-4AA7-8A37-686B71405B9D}"
EndProject
Project("{2150E333-8FDC-42A3-9474-1A3956D46DE8}") = "P03_BarraksWars_", "P03_BarraksWars_", "{AAC22FDF-C06E-428B-B792-6C01B918F7FB}"
EndProject
Project("{9A19103F-16F7-4668-BE54-9A1E7A4F7556}") = "P03_BarraksWars", "ReflectionAndAttribute\P03_BarraksWars\P03_BarraksWars.csproj", "{9BDD740F-3E77-42A3-A5E6-300AB6CF5ADC}"
EndProject
Project("{2150E333-8FDC-42A3-9474-1A3956D46DE8}") = "P06_TrafficLights_", "P06_TrafficLights_", "{3C06A5D8-8118-4A4B-AB6A-43D1ACBFDBA6}"
EndProject
Project("{2150E333-8FDC-42A3-9474-1A3956D46DE8}") = "P05_BarrackWars_", "P05_BarrackWars_", "{673A0149-AE2F-42B9-AE8D-786B0CF7FD10}"
EndProject
Project("{9A19103F-16F7-4668-BE54-9A1E7A4F7556}") = "P06_TrafficLights", "ReflectionAndAttribute\P06_TrafficLights\P06_TrafficLights.csproj", "{8616DF20-FCF9-4B27-A2DC-544975F4558F}"
EndProject
Project("{9A19103F-16F7-4668-BE54-9A1E7A4F7556}") = "04_BarrackWars_TheCommandsStrikeBack", "ReflectionAndAttribute\P05_BarrackWars\04_BarrackWars_TheCommandsStrikeBack.csproj", "{69ECABF5-AC7F-402F-9996-9C20E23E38E1}"
EndProject
Project("{9A19103F-16F7-4668-BE54-9A1E7A4F7556}") = "P07_InfernoInfinity", "ReflectionAndAttribute\P07_InfernoInfinity\P07_InfernoInfinity.csproj", "{B57C7DAD-EC3E-4559-A124-94361F2801A2}"
EndProject
Project("{2150E333-8FDC-42A3-9474-1A3956D46DE8}") = "P07_InfernoInfinity_", "P07_InfernoInfinity_", "{8F32809E-4A8C-46E8-9B89-B2AD18C046C2}"
EndProject
Project("{2150E333-8FDC-42A3-9474-1A3956D46DE8}") = "UnitTesting", "UnitTesting", "{8C2D77E6-1DAC-47F9-BA69-70E087C26034}"
EndProject
Project("{9A19103F-16F7-4668-BE54-9A1E7A4F7556}") = "Skeleton", "UnitTesting\Lab\Skeleton\Skeleton.csproj", "{4F3C4188-4577-40FC-8CF1-9C60814ADEDA}"
EndProject
Project("{2150E333-8FDC-42A3-9474-1A3956D46DE8}") = "UnitTesting_Lab", "UnitTesting_Lab", "{28D753C1-0CFC-4220-9A5B-924FCCC2B6C3}"
EndProject
Project("{2150E333-8FDC-42A3-9474-1A3956D46DE8}") = "Conditions", "Conditions", "{AA02435C-5E8C-4108-A39E-AF1ED1B78BFE}"
	ProjectSection(SolutionItems) = preProject
		..\..\..\FirefoxDownload\09. CSharp-OOP-Unit-Testing-Lab.docx = ..\..\..\FirefoxDownload\09. CSharp-OOP-Unit-Testing-Lab.docx
	EndProjectSection
EndProject
Project("{9A19103F-16F7-4668-BE54-9A1E7A4F7556}") = "Skeleton.Tests", "Skeleton.Tests\Skeleton.Tests.csproj", "{9124AE22-8364-4A7F-A1CB-2C7F7DF90997}"
EndProject
Project("{2150E333-8FDC-42A3-9474-1A3956D46DE8}") = "UnitTesting_Exercise", "UnitTesting_Exercise", "{745E67B9-AF19-4DFB-841C-A2621B208566}"
EndProject
Project("{2150E333-8FDC-42A3-9474-1A3956D46DE8}") = "P01_Database", "P01_Database", "{30D9756D-29BE-4815-8A3F-87BF7941B007}"
EndProject
Project("{9A19103F-16F7-4668-BE54-9A1E7A4F7556}") = "Database_", "Database\Database_.csproj", "{4EF9F046-E397-44EA-9194-853B543F7CA2}"
EndProject
Project("{9A19103F-16F7-4668-BE54-9A1E7A4F7556}") = "Database.Tests", "Database.Tests\Database.Tests.csproj", "{CE2D7ECB-F4FE-4967-BD36-47507C7FF3B6}"
EndProject
Project("{2150E333-8FDC-42A3-9474-1A3956D46DE8}") = "Conditions", "Conditions", "{D44803A1-D566-4BCC-B9BD-CBCE9E335A06}"
	ProjectSection(SolutionItems) = preProject
		C:\Users\Bobi\Downloads\09. CSharp-OOP-Unit-Testing-Exercises.docx = C:\Users\Bobi\Downloads\09. CSharp-OOP-Unit-Testing-Exercises.docx
	EndProjectSection
EndProject
Project("{2150E333-8FDC-42A3-9474-1A3956D46DE8}") = "P02_ExtendedDatabase", "P02_ExtendedDatabase", "{2ECE6CD6-E048-484E-81D7-0E9FA3F0C266}"
EndProject
Project("{9A19103F-16F7-4668-BE54-9A1E7A4F7556}") = "XtDatabase", "XtDatabase\XtDatabase.csproj", "{047BAB47-9118-41D5-B697-E063A9171220}"
EndProject
Project("{9A19103F-16F7-4668-BE54-9A1E7A4F7556}") = "XtDatabase.Tests", "XtFatabase.Tests\XtDatabase.Tests.csproj", "{A0741329-7C61-4B5D-9182-AF569E4C626D}"
EndProject
Project("{9A19103F-16F7-4668-BE54-9A1E7A4F7556}") = "CustomLinkedList", "CustomLinkedList\CustomLinkedList.csproj", "{99E7BC36-FC74-4B0D-BC05-2304FB9403A7}"
EndProject
Project("{2150E333-8FDC-42A3-9474-1A3956D46DE8}") = "P03_CUstomLinkedList", "P03_CUstomLinkedList", "{7A591CCF-0C58-465A-A664-8B8B57967049}"
EndProject
Project("{9A19103F-16F7-4668-BE54-9A1E7A4F7556}") = "CustomLinkedList.Test", "CustomLinkedList.Test\CustomLinkedList.Test.csproj", "{0878979C-B82C-4D0F-9BAD-4F1214B10B64}"
EndProject
Project("{2150E333-8FDC-42A3-9474-1A3956D46DE8}") = "P04_StorageMaster", "P04_StorageMaster", "{5151E873-FD8F-415F-9DF8-70D87C2A740D}"
EndProject
Project("{9A19103F-16F7-4668-BE54-9A1E7A4F7556}") = "StorageMaster", "StorageMaster\StorageMaster\StorageMaster.csproj", "{849E419C-BFBE-4711-B7F3-EC70E4AAB876}"
EndProject
Project("{9A19103F-16F7-4668-BE54-9A1E7A4F7556}") = "StorageMester.Tests.Structure", "StorageMester.Tests.Structure\StorageMester.Tests.Structure.csproj", "{295D9EEE-2532-4ACD-AF72-A9655C0AE01D}"
EndProject
Project("{9A19103F-16F7-4668-BE54-9A1E7A4F7556}") = "StorageMester. Tests.BusinessLogic", "StorageMester. Tests.BusinessLogic\StorageMester. Tests.BusinessLogic.csproj", "{C3FF2961-594B-4A3A-9A79-844162A8D7B6}"
EndProject
Project("{2150E333-8FDC-42A3-9474-1A3956D46DE8}") = "TestDriveDevelopment", "TestDriveDevelopment", "{F060D40E-02BC-401F-9F96-6F25F0A94722}"
EndProject
Project("{9A19103F-16F7-4668-BE54-9A1E7A4F7556}") = "INStock", "TestDriveDevelopment\INStock - Skeleton\INStock\INStock.csproj", "{701FFF01-248B-4EEC-B449-B462DB6242D6}"
EndProject
Project("{9A19103F-16F7-4668-BE54-9A1E7A4F7556}") = "INStock.Tests", "TestDriveDevelopment\INStock - Skeleton\INStock.Tests\INStock.Tests.csproj", "{47462525-C909-48C8-9F78-444C8295B0FE}"
EndProject
Project("{2150E333-8FDC-42A3-9474-1A3956D46DE8}") = "INStock_", "INStock_", "{22BBF46B-B896-40C0-8656-869F3608F608}"
EndProject
Project("{2150E333-8FDC-42A3-9474-1A3956D46DE8}") = "ProblemDescriptions", "ProblemDescriptions", "{48826766-1A79-44D4-8CB4-FD09ABD99037}"
	ProjectSection(SolutionItems) = preProject
		C:\Users\Bobi\Downloads\INstock.docx = C:\Users\Bobi\Downloads\INstock.docx
	EndProjectSection
EndProject
Project("{2150E333-8FDC-42A3-9474-1A3956D46DE8}") = "Chainblock", "Chainblock", "{EBD4B415-5AC6-435B-A92F-E136139140C5}"
EndProject
Project("{9A19103F-16F7-4668-BE54-9A1E7A4F7556}") = "Chainblock", "Chainblock - Skeleton\Chainblock\Chainblock.csproj", "{4E7383BF-F18F-445B-9247-3CBB9B23BC8B}"
EndProject
Project("{9A19103F-16F7-4668-BE54-9A1E7A4F7556}") = "Chainblock.Tests", "Chainblock - Skeleton\Chainblock.Tests\Chainblock.Tests.csproj", "{26503662-FD95-4A27-B4AA-E1B7019D61FE}"
EndProject
Project("{2150E333-8FDC-42A3-9474-1A3956D46DE8}") = "CommunicationAndEvents", "CommunicationAndEvents", "{2B5BD8D8-5E25-4FD1-89BE-B4FC8130EBB9}"
EndProject
Project("{9A19103F-16F7-4668-BE54-9A1E7A4F7556}") = "CommunicationAndEventsDemo", "CommunicationAndEventsLab\CommunicationAndEventsDemo.csproj", "{21CB867A-CA38-4C47-9836-F9B01465E971}"
EndProject
Project("{2150E333-8FDC-42A3-9474-1A3956D46DE8}") = "KenovDemo", "KenovDemo", "{E8B4C4BC-5016-4A5C-9060-56BA53479EA5}"
EndProject
Project("{2150E333-8FDC-42A3-9474-1A3956D46DE8}") = "NotificationsWithDelegate", "NotificationsWithDelegate", "{F9ACD05D-9D85-4C29-B6C4-6ACC3F295F12}"
EndProject
Project("{9A19103F-16F7-4668-BE54-9A1E7A4F7556}") = "Object-Communication-and-Events-Lab", "CommunicationAndEventsLab\LabRecources\11. CSharp-OOP-Object-Communication-and-Events-Lab-Resources\Object-Communication-and-Events-Lab.csproj", "{3A2F415E-BAFE-4A89-908E-65F7AF04B0F8}"
EndProject
Project("{2150E333-8FDC-42A3-9474-1A3956D46DE8}") = "LAB", "LAB", "{09E4EF8C-8CD9-47DB-A552-10FB134CFC69}"
EndProject
Project("{2150E333-8FDC-42A3-9474-1A3956D46DE8}") = "Exersice", "Exersice", "{DB347D05-F2C1-4E36-B998-3450C5188E03}"
EndProject
Project("{9A19103F-16F7-4668-BE54-9A1E7A4F7556}") = "P_01_EventImplementation", "P_01_EventImplementation\P_01_EventImplementation.csproj", "{25557E67-C584-4DB3-9116-994A476D25ED}"
EndProject
Project("{9A19103F-16F7-4668-BE54-9A1E7A4F7556}") = "P_02_King’sGambit", "P_02_King’sGambit\P_02_King’sGambit.csproj", "{B780BC38-8E27-42A0-AA30-26DDF6AC1989}"
EndProject
Project("{2150E333-8FDC-42A3-9474-1A3956D46DE8}") = "ProblemsDescription", "ProblemsDescription", "{EF3C9602-E405-49AA-998C-0ADFBF708F1B}"
	ProjectSection(SolutionItems) = preProject
		..\..\..\FirefoxDownload\11. CSharp-OOP-Object-Communication-and-Events-Exercises.docx = ..\..\..\FirefoxDownload\11. CSharp-OOP-Object-Communication-and-Events-Exercises.docx
	EndProjectSection
EndProject
Project("{9A19103F-16F7-4668-BE54-9A1E7A4F7556}") = "P_03_DependencyInversion", "P_03_DependencyInversion\P_03_DependencyInversion.csproj", "{52C7B341-06DC-430C-98AD-F289957B194D}"
EndProject
Project("{9A19103F-16F7-4668-BE54-9A1E7A4F7556}") = "P_04_WorkForce", "P_04_WorkForce\P_04_WorkForce.csproj", "{853C45B7-3613-451E-8D43-C0DA7BFD6B6D}"
EndProject
Project("{FAE04EC0-301F-11D3-BF4B-00C04F79EFBC}") = "P_05_King’sGambitExtended", "P_05_King’sGambitExtended\P_05_King’sGambitExtended.csproj", "{A9AE8415-E007-40D9-A151-281ABA1D16FA}"
EndProject
Project("{2150E333-8FDC-42A3-9474-1A3956D46DE8}") = "ExamPreparation", "ExamPreparation", "{7177352C-E248-4013-9176-2B669A7FF640}"
EndProject
Project("{2150E333-8FDC-42A3-9474-1A3956D46DE8}") = "OOPExam_MortalEngines", "OOPExam_MortalEngines", "{86723062-4C15-43FB-8270-8FF883950FC2}"
EndProject
Project("{2150E333-8FDC-42A3-9474-1A3956D46DE8}") = "ProblemDescription", "ProblemDescription", "{9CB801A2-557B-470F-97FF-763B5488A7F5}"
	ProjectSection(SolutionItems) = preProject
		..\..\..\FirefoxDownload\01. Structure_Problem Description.docx = ..\..\..\FirefoxDownload\01. Structure_Problem Description.docx
	EndProjectSection
EndProject
Project("{9A19103F-16F7-4668-BE54-9A1E7A4F7556}") = "MortalEngines", "MortalEngines\MortalEngines\MortalEngines.csproj", "{28FE57CD-75A9-4739-971C-31B3AB6F711B}"
EndProject
Global
	GlobalSection(SolutionConfigurationPlatforms) = preSolution
		Debug|Any CPU = Debug|Any CPU
		Release|Any CPU = Release|Any CPU
	EndGlobalSection
	GlobalSection(ProjectConfigurationPlatforms) = postSolution
		{285C34DC-BCBC-47B8-B1FA-67D3D06E4337}.Debug|Any CPU.ActiveCfg = Debug|Any CPU
		{285C34DC-BCBC-47B8-B1FA-67D3D06E4337}.Debug|Any CPU.Build.0 = Debug|Any CPU
		{285C34DC-BCBC-47B8-B1FA-67D3D06E4337}.Release|Any CPU.ActiveCfg = Release|Any CPU
		{285C34DC-BCBC-47B8-B1FA-67D3D06E4337}.Release|Any CPU.Build.0 = Release|Any CPU
		{698DA0DA-D19C-4AA7-8A37-686B71405B9D}.Debug|Any CPU.ActiveCfg = Debug|Any CPU
		{698DA0DA-D19C-4AA7-8A37-686B71405B9D}.Debug|Any CPU.Build.0 = Debug|Any CPU
		{698DA0DA-D19C-4AA7-8A37-686B71405B9D}.Release|Any CPU.ActiveCfg = Release|Any CPU
		{698DA0DA-D19C-4AA7-8A37-686B71405B9D}.Release|Any CPU.Build.0 = Release|Any CPU
		{9BDD740F-3E77-42A3-A5E6-300AB6CF5ADC}.Debug|Any CPU.ActiveCfg = Debug|Any CPU
		{9BDD740F-3E77-42A3-A5E6-300AB6CF5ADC}.Debug|Any CPU.Build.0 = Debug|Any CPU
		{9BDD740F-3E77-42A3-A5E6-300AB6CF5ADC}.Release|Any CPU.ActiveCfg = Release|Any CPU
		{9BDD740F-3E77-42A3-A5E6-300AB6CF5ADC}.Release|Any CPU.Build.0 = Release|Any CPU
		{8616DF20-FCF9-4B27-A2DC-544975F4558F}.Debug|Any CPU.ActiveCfg = Debug|Any CPU
		{8616DF20-FCF9-4B27-A2DC-544975F4558F}.Debug|Any CPU.Build.0 = Debug|Any CPU
		{8616DF20-FCF9-4B27-A2DC-544975F4558F}.Release|Any CPU.ActiveCfg = Release|Any CPU
		{8616DF20-FCF9-4B27-A2DC-544975F4558F}.Release|Any CPU.Build.0 = Release|Any CPU
		{69ECABF5-AC7F-402F-9996-9C20E23E38E1}.Debug|Any CPU.ActiveCfg = Debug|Any CPU
		{69ECABF5-AC7F-402F-9996-9C20E23E38E1}.Debug|Any CPU.Build.0 = Debug|Any CPU
		{69ECABF5-AC7F-402F-9996-9C20E23E38E1}.Release|Any CPU.ActiveCfg = Release|Any CPU
		{69ECABF5-AC7F-402F-9996-9C20E23E38E1}.Release|Any CPU.Build.0 = Release|Any CPU
		{B57C7DAD-EC3E-4559-A124-94361F2801A2}.Debug|Any CPU.ActiveCfg = Debug|Any CPU
		{B57C7DAD-EC3E-4559-A124-94361F2801A2}.Debug|Any CPU.Build.0 = Debug|Any CPU
		{B57C7DAD-EC3E-4559-A124-94361F2801A2}.Release|Any CPU.ActiveCfg = Release|Any CPU
		{B57C7DAD-EC3E-4559-A124-94361F2801A2}.Release|Any CPU.Build.0 = Release|Any CPU
		{4F3C4188-4577-40FC-8CF1-9C60814ADEDA}.Debug|Any CPU.ActiveCfg = Debug|Any CPU
		{4F3C4188-4577-40FC-8CF1-9C60814ADEDA}.Debug|Any CPU.Build.0 = Debug|Any CPU
		{4F3C4188-4577-40FC-8CF1-9C60814ADEDA}.Release|Any CPU.ActiveCfg = Release|Any CPU
		{4F3C4188-4577-40FC-8CF1-9C60814ADEDA}.Release|Any CPU.Build.0 = Release|Any CPU
		{9124AE22-8364-4A7F-A1CB-2C7F7DF90997}.Debug|Any CPU.ActiveCfg = Debug|Any CPU
		{9124AE22-8364-4A7F-A1CB-2C7F7DF90997}.Debug|Any CPU.Build.0 = Debug|Any CPU
		{9124AE22-8364-4A7F-A1CB-2C7F7DF90997}.Release|Any CPU.ActiveCfg = Release|Any CPU
		{9124AE22-8364-4A7F-A1CB-2C7F7DF90997}.Release|Any CPU.Build.0 = Release|Any CPU
		{4EF9F046-E397-44EA-9194-853B543F7CA2}.Debug|Any CPU.ActiveCfg = Debug|Any CPU
		{4EF9F046-E397-44EA-9194-853B543F7CA2}.Debug|Any CPU.Build.0 = Debug|Any CPU
		{4EF9F046-E397-44EA-9194-853B543F7CA2}.Release|Any CPU.ActiveCfg = Release|Any CPU
		{4EF9F046-E397-44EA-9194-853B543F7CA2}.Release|Any CPU.Build.0 = Release|Any CPU
		{CE2D7ECB-F4FE-4967-BD36-47507C7FF3B6}.Debug|Any CPU.ActiveCfg = Debug|Any CPU
		{CE2D7ECB-F4FE-4967-BD36-47507C7FF3B6}.Debug|Any CPU.Build.0 = Debug|Any CPU
		{CE2D7ECB-F4FE-4967-BD36-47507C7FF3B6}.Release|Any CPU.ActiveCfg = Release|Any CPU
		{CE2D7ECB-F4FE-4967-BD36-47507C7FF3B6}.Release|Any CPU.Build.0 = Release|Any CPU
		{047BAB47-9118-41D5-B697-E063A9171220}.Debug|Any CPU.ActiveCfg = Debug|Any CPU
		{047BAB47-9118-41D5-B697-E063A9171220}.Debug|Any CPU.Build.0 = Debug|Any CPU
		{047BAB47-9118-41D5-B697-E063A9171220}.Release|Any CPU.ActiveCfg = Release|Any CPU
		{047BAB47-9118-41D5-B697-E063A9171220}.Release|Any CPU.Build.0 = Release|Any CPU
		{A0741329-7C61-4B5D-9182-AF569E4C626D}.Debug|Any CPU.ActiveCfg = Debug|Any CPU
		{A0741329-7C61-4B5D-9182-AF569E4C626D}.Debug|Any CPU.Build.0 = Debug|Any CPU
		{A0741329-7C61-4B5D-9182-AF569E4C626D}.Release|Any CPU.ActiveCfg = Release|Any CPU
		{A0741329-7C61-4B5D-9182-AF569E4C626D}.Release|Any CPU.Build.0 = Release|Any CPU
		{99E7BC36-FC74-4B0D-BC05-2304FB9403A7}.Debug|Any CPU.ActiveCfg = Debug|Any CPU
		{99E7BC36-FC74-4B0D-BC05-2304FB9403A7}.Debug|Any CPU.Build.0 = Debug|Any CPU
		{99E7BC36-FC74-4B0D-BC05-2304FB9403A7}.Release|Any CPU.ActiveCfg = Release|Any CPU
		{99E7BC36-FC74-4B0D-BC05-2304FB9403A7}.Release|Any CPU.Build.0 = Release|Any CPU
		{0878979C-B82C-4D0F-9BAD-4F1214B10B64}.Debug|Any CPU.ActiveCfg = Debug|Any CPU
		{0878979C-B82C-4D0F-9BAD-4F1214B10B64}.Debug|Any CPU.Build.0 = Debug|Any CPU
		{0878979C-B82C-4D0F-9BAD-4F1214B10B64}.Release|Any CPU.ActiveCfg = Release|Any CPU
		{0878979C-B82C-4D0F-9BAD-4F1214B10B64}.Release|Any CPU.Build.0 = Release|Any CPU
		{849E419C-BFBE-4711-B7F3-EC70E4AAB876}.Debug|Any CPU.ActiveCfg = Debug|Any CPU
		{849E419C-BFBE-4711-B7F3-EC70E4AAB876}.Debug|Any CPU.Build.0 = Debug|Any CPU
		{849E419C-BFBE-4711-B7F3-EC70E4AAB876}.Release|Any CPU.ActiveCfg = Release|Any CPU
		{849E419C-BFBE-4711-B7F3-EC70E4AAB876}.Release|Any CPU.Build.0 = Release|Any CPU
		{295D9EEE-2532-4ACD-AF72-A9655C0AE01D}.Debug|Any CPU.ActiveCfg = Debug|Any CPU
		{295D9EEE-2532-4ACD-AF72-A9655C0AE01D}.Debug|Any CPU.Build.0 = Debug|Any CPU
		{295D9EEE-2532-4ACD-AF72-A9655C0AE01D}.Release|Any CPU.ActiveCfg = Release|Any CPU
		{295D9EEE-2532-4ACD-AF72-A9655C0AE01D}.Release|Any CPU.Build.0 = Release|Any CPU
		{C3FF2961-594B-4A3A-9A79-844162A8D7B6}.Debug|Any CPU.ActiveCfg = Debug|Any CPU
		{C3FF2961-594B-4A3A-9A79-844162A8D7B6}.Debug|Any CPU.Build.0 = Debug|Any CPU
		{C3FF2961-594B-4A3A-9A79-844162A8D7B6}.Release|Any CPU.ActiveCfg = Release|Any CPU
		{C3FF2961-594B-4A3A-9A79-844162A8D7B6}.Release|Any CPU.Build.0 = Release|Any CPU
		{701FFF01-248B-4EEC-B449-B462DB6242D6}.Debug|Any CPU.ActiveCfg = Debug|Any CPU
		{701FFF01-248B-4EEC-B449-B462DB6242D6}.Debug|Any CPU.Build.0 = Debug|Any CPU
		{701FFF01-248B-4EEC-B449-B462DB6242D6}.Release|Any CPU.ActiveCfg = Release|Any CPU
		{701FFF01-248B-4EEC-B449-B462DB6242D6}.Release|Any CPU.Build.0 = Release|Any CPU
		{47462525-C909-48C8-9F78-444C8295B0FE}.Debug|Any CPU.ActiveCfg = Debug|Any CPU
		{47462525-C909-48C8-9F78-444C8295B0FE}.Debug|Any CPU.Build.0 = Debug|Any CPU
		{47462525-C909-48C8-9F78-444C8295B0FE}.Release|Any CPU.ActiveCfg = Release|Any CPU
		{47462525-C909-48C8-9F78-444C8295B0FE}.Release|Any CPU.Build.0 = Release|Any CPU
		{4E7383BF-F18F-445B-9247-3CBB9B23BC8B}.Debug|Any CPU.ActiveCfg = Debug|Any CPU
		{4E7383BF-F18F-445B-9247-3CBB9B23BC8B}.Debug|Any CPU.Build.0 = Debug|Any CPU
		{4E7383BF-F18F-445B-9247-3CBB9B23BC8B}.Release|Any CPU.ActiveCfg = Release|Any CPU
		{4E7383BF-F18F-445B-9247-3CBB9B23BC8B}.Release|Any CPU.Build.0 = Release|Any CPU
		{26503662-FD95-4A27-B4AA-E1B7019D61FE}.Debug|Any CPU.ActiveCfg = Debug|Any CPU
		{26503662-FD95-4A27-B4AA-E1B7019D61FE}.Debug|Any CPU.Build.0 = Debug|Any CPU
		{26503662-FD95-4A27-B4AA-E1B7019D61FE}.Release|Any CPU.ActiveCfg = Release|Any CPU
		{26503662-FD95-4A27-B4AA-E1B7019D61FE}.Release|Any CPU.Build.0 = Release|Any CPU
		{21CB867A-CA38-4C47-9836-F9B01465E971}.Debug|Any CPU.ActiveCfg = Debug|Any CPU
		{21CB867A-CA38-4C47-9836-F9B01465E971}.Debug|Any CPU.Build.0 = Debug|Any CPU
		{21CB867A-CA38-4C47-9836-F9B01465E971}.Release|Any CPU.ActiveCfg = Release|Any CPU
		{21CB867A-CA38-4C47-9836-F9B01465E971}.Release|Any CPU.Build.0 = Release|Any CPU
		{3A2F415E-BAFE-4A89-908E-65F7AF04B0F8}.Debug|Any CPU.ActiveCfg = Debug|Any CPU
		{3A2F415E-BAFE-4A89-908E-65F7AF04B0F8}.Debug|Any CPU.Build.0 = Debug|Any CPU
		{3A2F415E-BAFE-4A89-908E-65F7AF04B0F8}.Release|Any CPU.ActiveCfg = Release|Any CPU
		{3A2F415E-BAFE-4A89-908E-65F7AF04B0F8}.Release|Any CPU.Build.0 = Release|Any CPU
		{25557E67-C584-4DB3-9116-994A476D25ED}.Debug|Any CPU.ActiveCfg = Debug|Any CPU
		{25557E67-C584-4DB3-9116-994A476D25ED}.Debug|Any CPU.Build.0 = Debug|Any CPU
		{25557E67-C584-4DB3-9116-994A476D25ED}.Release|Any CPU.ActiveCfg = Release|Any CPU
		{25557E67-C584-4DB3-9116-994A476D25ED}.Release|Any CPU.Build.0 = Release|Any CPU
		{B780BC38-8E27-42A0-AA30-26DDF6AC1989}.Debug|Any CPU.ActiveCfg = Debug|Any CPU
		{B780BC38-8E27-42A0-AA30-26DDF6AC1989}.Debug|Any CPU.Build.0 = Debug|Any CPU
		{B780BC38-8E27-42A0-AA30-26DDF6AC1989}.Release|Any CPU.ActiveCfg = Release|Any CPU
		{B780BC38-8E27-42A0-AA30-26DDF6AC1989}.Release|Any CPU.Build.0 = Release|Any CPU
		{52C7B341-06DC-430C-98AD-F289957B194D}.Debug|Any CPU.ActiveCfg = Debug|Any CPU
		{52C7B341-06DC-430C-98AD-F289957B194D}.Debug|Any CPU.Build.0 = Debug|Any CPU
		{52C7B341-06DC-430C-98AD-F289957B194D}.Release|Any CPU.ActiveCfg = Release|Any CPU
		{52C7B341-06DC-430C-98AD-F289957B194D}.Release|Any CPU.Build.0 = Release|Any CPU
		{853C45B7-3613-451E-8D43-C0DA7BFD6B6D}.Debug|Any CPU.ActiveCfg = Debug|Any CPU
		{853C45B7-3613-451E-8D43-C0DA7BFD6B6D}.Debug|Any CPU.Build.0 = Debug|Any CPU
		{853C45B7-3613-451E-8D43-C0DA7BFD6B6D}.Release|Any CPU.ActiveCfg = Release|Any CPU
		{853C45B7-3613-451E-8D43-C0DA7BFD6B6D}.Release|Any CPU.Build.0 = Release|Any CPU
		{A9AE8415-E007-40D9-A151-281ABA1D16FA}.Debug|Any CPU.ActiveCfg = Debug|Any CPU
		{A9AE8415-E007-40D9-A151-281ABA1D16FA}.Debug|Any CPU.Build.0 = Debug|Any CPU
		{A9AE8415-E007-40D9-A151-281ABA1D16FA}.Release|Any CPU.ActiveCfg = Release|Any CPU
		{A9AE8415-E007-40D9-A151-281ABA1D16FA}.Release|Any CPU.Build.0 = Release|Any CPU
		{28FE57CD-75A9-4739-971C-31B3AB6F711B}.Debug|Any CPU.ActiveCfg = Debug|Any CPU
		{28FE57CD-75A9-4739-971C-31B3AB6F711B}.Debug|Any CPU.Build.0 = Debug|Any CPU
		{28FE57CD-75A9-4739-971C-31B3AB6F711B}.Release|Any CPU.ActiveCfg = Release|Any CPU
		{28FE57CD-75A9-4739-971C-31B3AB6F711B}.Release|Any CPU.Build.0 = Release|Any CPU
	EndGlobalSection
	GlobalSection(SolutionProperties) = preSolution
		HideSolutionNode = FALSE
	EndGlobalSection
	GlobalSection(NestedProjects) = preSolution
		{7BDAE318-CACA-4E58-AD8C-8B9EC1B3177F} = {19EEBBA5-1BB1-434F-8B05-D20A5CB9D083}
		{B11AC6B1-FD2A-41FE-9890-2807A4E0390F} = {19EEBBA5-1BB1-434F-8B05-D20A5CB9D083}
		{544FC57B-1D1C-449A-9CDE-FA3F77A8B7CC} = {19EEBBA5-1BB1-434F-8B05-D20A5CB9D083}
		{285C34DC-BCBC-47B8-B1FA-67D3D06E4337} = {B11AC6B1-FD2A-41FE-9890-2807A4E0390F}
		{698DA0DA-D19C-4AA7-8A37-686B71405B9D} = {544FC57B-1D1C-449A-9CDE-FA3F77A8B7CC}
		{AAC22FDF-C06E-428B-B792-6C01B918F7FB} = {19EEBBA5-1BB1-434F-8B05-D20A5CB9D083}
		{9BDD740F-3E77-42A3-A5E6-300AB6CF5ADC} = {AAC22FDF-C06E-428B-B792-6C01B918F7FB}
		{3C06A5D8-8118-4A4B-AB6A-43D1ACBFDBA6} = {19EEBBA5-1BB1-434F-8B05-D20A5CB9D083}
		{673A0149-AE2F-42B9-AE8D-786B0CF7FD10} = {19EEBBA5-1BB1-434F-8B05-D20A5CB9D083}
		{8616DF20-FCF9-4B27-A2DC-544975F4558F} = {3C06A5D8-8118-4A4B-AB6A-43D1ACBFDBA6}
		{69ECABF5-AC7F-402F-9996-9C20E23E38E1} = {673A0149-AE2F-42B9-AE8D-786B0CF7FD10}
		{B57C7DAD-EC3E-4559-A124-94361F2801A2} = {8F32809E-4A8C-46E8-9B89-B2AD18C046C2}
		{8F32809E-4A8C-46E8-9B89-B2AD18C046C2} = {19EEBBA5-1BB1-434F-8B05-D20A5CB9D083}
		{4F3C4188-4577-40FC-8CF1-9C60814ADEDA} = {28D753C1-0CFC-4220-9A5B-924FCCC2B6C3}
		{28D753C1-0CFC-4220-9A5B-924FCCC2B6C3} = {8C2D77E6-1DAC-47F9-BA69-70E087C26034}
		{AA02435C-5E8C-4108-A39E-AF1ED1B78BFE} = {28D753C1-0CFC-4220-9A5B-924FCCC2B6C3}
		{9124AE22-8364-4A7F-A1CB-2C7F7DF90997} = {28D753C1-0CFC-4220-9A5B-924FCCC2B6C3}
		{745E67B9-AF19-4DFB-841C-A2621B208566} = {8C2D77E6-1DAC-47F9-BA69-70E087C26034}
		{30D9756D-29BE-4815-8A3F-87BF7941B007} = {745E67B9-AF19-4DFB-841C-A2621B208566}
		{4EF9F046-E397-44EA-9194-853B543F7CA2} = {30D9756D-29BE-4815-8A3F-87BF7941B007}
		{CE2D7ECB-F4FE-4967-BD36-47507C7FF3B6} = {30D9756D-29BE-4815-8A3F-87BF7941B007}
		{D44803A1-D566-4BCC-B9BD-CBCE9E335A06} = {745E67B9-AF19-4DFB-841C-A2621B208566}
		{2ECE6CD6-E048-484E-81D7-0E9FA3F0C266} = {745E67B9-AF19-4DFB-841C-A2621B208566}
		{047BAB47-9118-41D5-B697-E063A9171220} = {2ECE6CD6-E048-484E-81D7-0E9FA3F0C266}
		{A0741329-7C61-4B5D-9182-AF569E4C626D} = {2ECE6CD6-E048-484E-81D7-0E9FA3F0C266}
		{99E7BC36-FC74-4B0D-BC05-2304FB9403A7} = {7A591CCF-0C58-465A-A664-8B8B57967049}
		{7A591CCF-0C58-465A-A664-8B8B57967049} = {745E67B9-AF19-4DFB-841C-A2621B208566}
		{0878979C-B82C-4D0F-9BAD-4F1214B10B64} = {7A591CCF-0C58-465A-A664-8B8B57967049}
		{5151E873-FD8F-415F-9DF8-70D87C2A740D} = {745E67B9-AF19-4DFB-841C-A2621B208566}
		{849E419C-BFBE-4711-B7F3-EC70E4AAB876} = {5151E873-FD8F-415F-9DF8-70D87C2A740D}
		{295D9EEE-2532-4ACD-AF72-A9655C0AE01D} = {5151E873-FD8F-415F-9DF8-70D87C2A740D}
		{C3FF2961-594B-4A3A-9A79-844162A8D7B6} = {5151E873-FD8F-415F-9DF8-70D87C2A740D}
		{701FFF01-248B-4EEC-B449-B462DB6242D6} = {22BBF46B-B896-40C0-8656-869F3608F608}
		{47462525-C909-48C8-9F78-444C8295B0FE} = {22BBF46B-B896-40C0-8656-869F3608F608}
		{22BBF46B-B896-40C0-8656-869F3608F608} = {F060D40E-02BC-401F-9F96-6F25F0A94722}
		{48826766-1A79-44D4-8CB4-FD09ABD99037} = {22BBF46B-B896-40C0-8656-869F3608F608}
		{EBD4B415-5AC6-435B-A92F-E136139140C5} = {F060D40E-02BC-401F-9F96-6F25F0A94722}
		{4E7383BF-F18F-445B-9247-3CBB9B23BC8B} = {EBD4B415-5AC6-435B-A92F-E136139140C5}
		{26503662-FD95-4A27-B4AA-E1B7019D61FE} = {EBD4B415-5AC6-435B-A92F-E136139140C5}
		{21CB867A-CA38-4C47-9836-F9B01465E971} = {F9ACD05D-9D85-4C29-B6C4-6ACC3F295F12}
		{E8B4C4BC-5016-4A5C-9060-56BA53479EA5} = {2B5BD8D8-5E25-4FD1-89BE-B4FC8130EBB9}
		{F9ACD05D-9D85-4C29-B6C4-6ACC3F295F12} = {E8B4C4BC-5016-4A5C-9060-56BA53479EA5}
		{3A2F415E-BAFE-4A89-908E-65F7AF04B0F8} = {09E4EF8C-8CD9-47DB-A552-10FB134CFC69}
		{09E4EF8C-8CD9-47DB-A552-10FB134CFC69} = {2B5BD8D8-5E25-4FD1-89BE-B4FC8130EBB9}
		{DB347D05-F2C1-4E36-B998-3450C5188E03} = {2B5BD8D8-5E25-4FD1-89BE-B4FC8130EBB9}
		{25557E67-C584-4DB3-9116-994A476D25ED} = {DB347D05-F2C1-4E36-B998-3450C5188E03}
		{B780BC38-8E27-42A0-AA30-26DDF6AC1989} = {DB347D05-F2C1-4E36-B998-3450C5188E03}
		{EF3C9602-E405-49AA-998C-0ADFBF708F1B} = {DB347D05-F2C1-4E36-B998-3450C5188E03}
		{52C7B341-06DC-430C-98AD-F289957B194D} = {DB347D05-F2C1-4E36-B998-3450C5188E03}
		{853C45B7-3613-451E-8D43-C0DA7BFD6B6D} = {DB347D05-F2C1-4E36-B998-3450C5188E03}
		{A9AE8415-E007-40D9-A151-281ABA1D16FA} = {DB347D05-F2C1-4E36-B998-3450C5188E03}
		{86723062-4C15-43FB-8270-8FF883950FC2} = {7177352C-E248-4013-9176-2B669A7FF640}
		{9CB801A2-557B-470F-97FF-763B5488A7F5} = {86723062-4C15-43FB-8270-8FF883950FC2}
		{28FE57CD-75A9-4739-971C-31B3AB6F711B} = {86723062-4C15-43FB-8270-8FF883950FC2}
	EndGlobalSection
	GlobalSection(ExtensibilityGlobals) = postSolution
		SolutionGuid = {2348078A-72CD-4108-B350-64942C14C6D6}
	EndGlobalSection
EndGlobal
